// !$*UTF8*$!
{
	archiveVersion = 1;
	classes = {
	};
	objectVersion = 77;
	objects = {

/* Begin PBXBuildFile section */
		BC6709292EFA6FB800458036 /* DocumentViewer.swift in Sources */ = {isa = PBXBuildFile; fileRef = BC6709282EFA6FB800458036 /* DocumentViewer.swift */; };
		BC67092B2EFA6FD800458036 /* BiometricAuth.swift in Sources */ = {isa = PBXBuildFile; fileRef = BC67092A2EFA6FD800458036 /* BiometricAuth.swift */; };
		BC8A01B92EFE8FDE002681F3 /* ImagePicker.swift in Sources */ = {isa = PBXBuildFile; fileRef = BC8A01B82EFE8FDE002681F3 /* ImagePicker.swift */; };
/* End PBXBuildFile section */

/* Begin PBXContainerItemProxy section */
		BC6709082EFA692200458036 /* PBXContainerItemProxy */ = {
			isa = PBXContainerItemProxy;
			containerPortal = BC6708F22EFA691F00458036 /* Project object */;
			proxyType = 1;
			remoteGlobalIDString = BC6708F92EFA691F00458036;
			remoteInfo = DocumentHolder;
		};
		BC6709122EFA692200458036 /* PBXContainerItemProxy */ = {
			isa = PBXContainerItemProxy;
			containerPortal = BC6708F22EFA691F00458036 /* Project object */;
			proxyType = 1;
			remoteGlobalIDString = BC6708F92EFA691F00458036;
			remoteInfo = DocumentHolder;
		};
/* End PBXContainerItemProxy section */

/* Begin PBXFileReference section */
		BC6708FA2EFA691F00458036 /* DocumentHolder.app */ = {isa = PBXFileReference; explicitFileType = wrapper.application; includeInIndex = 0; path = DocumentHolder.app; sourceTree = BUILT_PRODUCTS_DIR; };
		BC6709072EFA692200458036 /* DocumentHolderTests.xctest */ = {isa = PBXFileReference; explicitFileType = wrapper.cfbundle; includeInIndex = 0; path = DocumentHolderTests.xctest; sourceTree = BUILT_PRODUCTS_DIR; };
		BC6709112EFA692200458036 /* DocumentHolderUITests.xctest */ = {isa = PBXFileReference; explicitFileType = wrapper.cfbundle; includeInIndex = 0; path = DocumentHolderUITests.xctest; sourceTree = BUILT_PRODUCTS_DIR; };
		BC6709282EFA6FB800458036 /* DocumentViewer.swift */ = {isa = PBXFileReference; lastKnownFileType = sourcecode.swift; path = DocumentViewer.swift; sourceTree = "<group>"; };
		BC67092A2EFA6FD800458036 /* BiometricAuth.swift */ = {isa = PBXFileReference; lastKnownFileType = sourcecode.swift; path = BiometricAuth.swift; sourceTree = "<group>"; };
		BC8A01B82EFE8FDE002681F3 /* ImagePicker.swift */ = {isa = PBXFileReference; lastKnownFileType = sourcecode.swift; path = ImagePicker.swift; sourceTree = "<group>"; };
/* End PBXFileReference section */

/* Begin PBXFileSystemSynchronizedRootGroup section */
		BC6708FC2EFA691F00458036 /* DocumentHolder */ = {
			isa = PBXFileSystemSynchronizedRootGroup;
			path = DocumentHolder;
			sourceTree = "<group>";
		};
		BC67090A2EFA692200458036 /* DocumentHolderTests */ = {
			isa = PBXFileSystemSynchronizedRootGroup;
			path = DocumentHolderTests;
			sourceTree = "<group>";
		};
		BC6709142EFA692200458036 /* DocumentHolderUITests */ = {
			isa = PBXFileSystemSynchronizedRootGroup;
			path = DocumentHolderUITests;
			sourceTree = "<group>";
		};
/* End PBXFileSystemSynchronizedRootGroup section */

/* Begin PBXFrameworksBuildPhase section */
		BC6708F72EFA691F00458036 /* Frameworks */ = {
			isa = PBXFrameworksBuildPhase;
			buildActionMask = 2147483647;
			files = (
			);
			runOnlyForDeploymentPostprocessing = 0;
		};
		BC6709042EFA692200458036 /* Frameworks */ = {
			isa = PBXFrameworksBuildPhase;
			buildActionMask = 2147483647;
			files = (
			);
			runOnlyForDeploymentPostprocessing = 0;
		};
		BC67090E2EFA692200458036 /* Frameworks */ = {
			isa = PBXFrameworksBuildPhase;
			buildActionMask = 2147483647;
			files = (
			);
			runOnlyForDeploymentPostprocessing = 0;
		};
/* End PBXFrameworksBuildPhase section */

/* Begin PBXGroup section */
		BC6708F12EFA691F00458036 = {
			isa = PBXGroup;
			children = (
				BC6709282EFA6FB800458036 /* DocumentViewer.swift */,
				BC8A01B82EFE8FDE002681F3 /* ImagePicker.swift */,
				BC67092A2EFA6FD800458036 /* BiometricAuth.swift */,
				BC6708FC2EFA691F00458036 /* DocumentHolder */,
				BC67090A2EFA692200458036 /* DocumentHolderTests */,
				BC6709142EFA692200458036 /* DocumentHolderUITests */,
				BC6708FB2EFA691F00458036 /* Products */,
			);
			sourceTree = "<group>";
		};
		BC6708FB2EFA691F00458036 /* Products */ = {
			isa = PBXGroup;
			children = (
				BC6708FA2EFA691F00458036 /* DocumentHolder.app */,
				BC6709072EFA692200458036 /* DocumentHolderTests.xctest */,
				BC6709112EFA692200458036 /* DocumentHolderUITests.xctest */,
			);
			name = Products;
			sourceTree = "<group>";
		};
/* End PBXGroup section */

/* Begin PBXNativeTarget section */
		BC6708F92EFA691F00458036 /* DocumentHolder */ = {
			isa = PBXNativeTarget;
			buildConfigurationList = BC67091B2EFA692200458036 /* Build configuration list for PBXNativeTarget "DocumentHolder" */;
			buildPhases = (
				BC6708F62EFA691F00458036 /* Sources */,
				BC6708F72EFA691F00458036 /* Frameworks */,
				BC6708F82EFA691F00458036 /* Resources */,
			);
			buildRules = (
			);
			dependencies = (
			);
			fileSystemSynchronizedGroups = (
				BC6708FC2EFA691F00458036 /* DocumentHolder */,
			);
			name = DocumentHolder;
			packageProductDependencies = (
			);
			productName = DocumentHolder;
			productReference = BC6708FA2EFA691F00458036 /* DocumentHolder.app */;
			productType = "com.apple.product-type.application";
		};
		BC6709062EFA692200458036 /* DocumentHolderTests */ = {
			isa = PBXNativeTarget;
			buildConfigurationList = BC67091E2EFA692200458036 /* Build configuration list for PBXNativeTarget "DocumentHolderTests" */;
			buildPhases = (
				BC6709032EFA692200458036 /* Sources */,
				BC6709042EFA692200458036 /* Frameworks */,
				BC6709052EFA692200458036 /* Resources */,
			);
			buildRules = (
			);
			dependencies = (
				BC6709092EFA692200458036 /* PBXTargetDependency */,
			);
			fileSystemSynchronizedGroups = (
				BC67090A2EFA692200458036 /* DocumentHolderTests */,
			);
			name = DocumentHolderTests;
			packageProductDependencies = (
			);
			productName = DocumentHolderTests;
			productReference = BC6709072EFA692200458036 /* DocumentHolderTests.xctest */;
			productType = "com.apple.product-type.bundle.unit-test";
		};
		BC6709102EFA692200458036 /* DocumentHolderUITests */ = {
			isa = PBXNativeTarget;
			buildConfigurationList = BC6709212EFA692200458036 /* Build configuration list for PBXNativeTarget "DocumentHolderUITests" */;
			buildPhases = (
				BC67090D2EFA692200458036 /* Sources */,
				BC67090E2EFA692200458036 /* Frameworks */,
				BC67090F2EFA692200458036 /* Resources */,
			);
			buildRules = (
			);
			dependencies = (
				BC6709132EFA692200458036 /* PBXTargetDependency */,
			);
			fileSystemSynchronizedGroups = (
				BC6709142EFA692200458036 /* DocumentHolderUITests */,
			);
			name = DocumentHolderUITests;
			packageProductDependencies = (
			);
			productName = DocumentHolderUITests;
			productReference = BC6709112EFA692200458036 /* DocumentHolderUITests.xctest */;
			productType = "com.apple.product-type.bundle.ui-testing";
		};
/* End PBXNativeTarget section */

/* Begin PBXProject section */
		BC6708F22EFA691F00458036 /* Project object */ = {
			isa = PBXProject;
			attributes = {
				BuildIndependentTargetsInParallel = 1;
				LastSwiftUpdateCheck = 1640;
				LastUpgradeCheck = 1640;
				TargetAttributes = {
					BC6708F92EFA691F00458036 = {
						CreatedOnToolsVersion = 16.4;
					};
					BC6709062EFA692200458036 = {
						CreatedOnToolsVersion = 16.4;
						TestTargetID = BC6708F92EFA691F00458036;
					};
					BC6709102EFA692200458036 = {
						CreatedOnToolsVersion = 16.4;
						TestTargetID = BC6708F92EFA691F00458036;
					};
				};
			};
			buildConfigurationList = BC6708F52EFA691F00458036 /* Build configuration list for PBXProject "DocumentHolder" */;
			developmentRegion = en;
			hasScannedForEncodings = 0;
			knownRegions = (
				en,
				Base,
			);
			mainGroup = BC6708F12EFA691F00458036;
			minimizedProjectReferenceProxies = 1;
			preferredProjectObjectVersion = 77;
			productRefGroup = BC6708FB2EFA691F00458036 /* Products */;
			projectDirPath = "";
			projectRoot = "";
			targets = (
				BC6708F92EFA691F00458036 /* DocumentHolder */,
				BC6709062EFA692200458036 /* DocumentHolderTests */,
				BC6709102EFA692200458036 /* DocumentHolderUITests */,
			);
		};
/* End PBXProject section */

/* Begin PBXResourcesBuildPhase section */
		BC6708F82EFA691F00458036 /* Resources */ = {
			isa = PBXResourcesBuildPhase;
			buildActionMask = 2147483647;
			files = (
			);
			runOnlyForDeploymentPostprocessing = 0;
		};
		BC6709052EFA692200458036 /* Resources */ = {
			isa = PBXResourcesBuildPhase;
			buildActionMask = 2147483647;
			files = (
			);
			runOnlyForDeploymentPostprocessing = 0;
		};
		BC67090F2EFA692200458036 /* Resources */ = {
			isa = PBXResourcesBuildPhase;
			buildActionMask = 2147483647;
			files = (
			);
			runOnlyForDeploymentPostprocessing = 0;
		};
/* End PBXResourcesBuildPhase section */

/* Begin PBXSourcesBuildPhase section */
		BC6708F62EFA691F00458036 /* Sources */ = {
			isa = PBXSourcesBuildPhase;
			buildActionMask = 2147483647;
			files = (
				BC8A01B92EFE8FDE002681F3 /* ImagePicker.swift in Sources */,
				BC67092B2EFA6FD800458036 /* BiometricAuth.swift in Sources */,
				BC6709292EFA6FB800458036 /* DocumentViewer.swift in Sources */,
			);
			runOnlyForDeploymentPostprocessing = 0;
		};
		BC6709032EFA692200458036 /* Sources */ = {
			isa = PBXSourcesBuildPhase;
			buildActionMask = 2147483647;
			files = (
			);
			runOnlyForDeploymentPostprocessing = 0;
		};
		BC67090D2EFA692200458036 /* Sources */ = {
			isa = PBXSourcesBuildPhase;
			buildActionMask = 2147483647;
			files = (
			);
			runOnlyForDeploymentPostprocessing = 0;
		};
/* End PBXSourcesBuildPhase section */

/* Begin PBXTargetDependency section */
		BC6709092EFA692200458036 /* PBXTargetDependency */ = {
			isa = PBXTargetDependency;
			target = BC6708F92EFA691F00458036 /* DocumentHolder */;
			targetProxy = BC6709082EFA692200458036 /* PBXContainerItemProxy */;
		};
		BC6709132EFA692200458036 /* PBXTargetDependency */ = {
			isa = PBXTargetDependency;
			target = BC6708F92EFA691F00458036 /* DocumentHolder */;
			targetProxy = BC6709122EFA692200458036 /* PBXContainerItemProxy */;
		};
/* End PBXTargetDependency section */

/* Begin XCBuildConfiguration section */
		BC6709192EFA692200458036 /* Debug */ = {
			isa = XCBuildConfiguration;
			buildSettings = {
				ALWAYS_SEARCH_USER_PATHS = NO;
				ASSETCATALOG_COMPILER_GENERATE_SWIFT_ASSET_SYMBOL_EXTENSIONS = YES;
				CLANG_ANALYZER_NONNULL = YES;
				CLANG_ANALYZER_NUMBER_OBJECT_CONVERSION = YES_AGGRESSIVE;
				CLANG_CXX_LANGUAGE_STANDARD = "gnu++20";
				CLANG_ENABLE_MODULES = YES;
				CLANG_ENABLE_OBJC_ARC = YES;
				CLANG_ENABLE_OBJC_WEAK = YES;
				CLANG_WARN_BLOCK_CAPTURE_AUTORELEASING = YES;
				CLANG_WARN_BOOL_CONVERSION = YES;
				CLANG_WARN_COMMA = YES;
				CLANG_WARN_CONSTANT_CONVERSION = YES;
				CLANG_WARN_DEPRECATED_OBJC_IMPLEMENTATIONS = YES;
				CLANG_WARN_DIRECT_OBJC_ISA_USAGE = YES_ERROR;
				CLANG_WARN_DOCUMENTATION_COMMENTS = YES;
				CLANG_WARN_EMPTY_BODY = YES;
				CLANG_WARN_ENUM_CONVERSION = YES;
				CLANG_WARN_INFINITE_RECURSION = YES;
				CLANG_WARN_INT_CONVERSION = YES;
				CLANG_WARN_NON_LITERAL_NULL_CONVERSION = YES;
				CLANG_WARN_OBJC_IMPLICIT_RETAIN_SELF = YES;
				CLANG_WARN_OBJC_LITERAL_CONVERSION = YES;
				CLANG_WARN_OBJC_ROOT_CLASS = YES_ERROR;
				CLANG_WARN_QUOTED_INCLUDE_IN_FRAMEWORK_HEADER = YES;
				CLANG_WARN_RANGE_LOOP_ANALYSIS = YES;
				CLANG_WARN_STRICT_PROTOTYPES = YES;
				CLANG_WARN_SUSPICIOUS_MOVE = YES;
				CLANG_WARN_UNGUARDED_AVAILABILITY = YES_AGGRESSIVE;
				CLANG_WARN_UNREACHABLE_CODE = YES;
				CLANG_WARN__DUPLICATE_METHOD_MATCH = YES;
				COPY_PHASE_STRIP = NO;
				DEBUG_INFORMATION_FORMAT = dwarf;
				DEVELOPMENT_TEAM = 4QAWB5XWQP;
				ENABLE_STRICT_OBJC_MSGSEND = YES;
				ENABLE_TESTABILITY = YES;
				ENABLE_USER_SCRIPT_SANDBOXING = YES;
				GCC_C_LANGUAGE_STANDARD = gnu17;
				GCC_DYNAMIC_NO_PIC = NO;
				GCC_NO_COMMON_BLOCKS = YES;
				GCC_OPTIMIZATION_LEVEL = 0;
				GCC_PREPROCESSOR_DEFINITIONS = (
					"DEBUG=1",
					"$(inherited)",
				);
				GCC_WARN_64_TO_32_BIT_CONVERSION = YES;
				GCC_WARN_ABOUT_RETURN_TYPE = YES_ERROR;
				GCC_WARN_UNDECLARED_SELECTOR = YES;
				GCC_WARN_UNINITIALIZED_AUTOS = YES_AGGRESSIVE;
				GCC_WARN_UNUSED_FUNCTION = YES;
				GCC_WARN_UNUSED_VARIABLE = YES;
				IPHONEOS_DEPLOYMENT_TARGET = 18.5;
				LOCALIZATION_PREFERS_STRING_CATALOGS = YES;
				MTL_ENABLE_DEBUG_INFO = INCLUDE_SOURCE;
				MTL_FAST_MATH = YES;
				ONLY_ACTIVE_ARCH = YES;
				SDKROOT = iphoneos;
				SWIFT_ACTIVE_COMPILATION_CONDITIONS = "DEBUG $(inherited)";
				SWIFT_OPTIMIZATION_LEVEL = "-Onone";
			};
			name = Debug;
		};
		BC67091A2EFA692200458036 /* Release */ = {
			isa = XCBuildConfiguration;
			buildSettings = {
				ALWAYS_SEARCH_USER_PATHS = NO;
				ASSETCATALOG_COMPILER_GENERATE_SWIFT_ASSET_SYMBOL_EXTENSIONS = YES;
				CLANG_ANALYZER_NONNULL = YES;
				CLANG_ANALYZER_NUMBER_OBJECT_CONVERSION = YES_AGGRESSIVE;
				CLANG_CXX_LANGUAGE_STANDARD = "gnu++20";
				CLANG_ENABLE_MODULES = YES;
				CLANG_ENABLE_OBJC_ARC = YES;
				CLANG_ENABLE_OBJC_WEAK = YES;
				CLANG_WARN_BLOCK_CAPTURE_AUTORELEASING = YES;
				CLANG_WARN_BOOL_CONVERSION = YES;
				CLANG_WARN_COMMA = YES;
				CLANG_WARN_CONSTANT_CONVERSION = YES;
				CLANG_WARN_DEPRECATED_OBJC_IMPLEMENTATIONS = YES;
				CLANG_WARN_DIRECT_OBJC_ISA_USAGE = YES_ERROR;
				CLANG_WARN_DOCUMENTATION_COMMENTS = YES;
				CLANG_WARN_EMPTY_BODY = YES;
				CLANG_WARN_ENUM_CONVERSION = YES;
				CLANG_WARN_INFINITE_RECURSION = YES;
				CLANG_WARN_INT_CONVERSION = YES;
				CLANG_WARN_NON_LITERAL_NULL_CONVERSION = YES;
				CLANG_WARN_OBJC_IMPLICIT_RETAIN_SELF = YES;
				CLANG_WARN_OBJC_LITERAL_CONVERSION = YES;
				CLANG_WARN_OBJC_ROOT_CLASS = YES_ERROR;
				CLANG_WARN_QUOTED_INCLUDE_IN_FRAMEWORK_HEADER = YES;
				CLANG_WARN_RANGE_LOOP_ANALYSIS = YES;
				CLANG_WARN_STRICT_PROTOTYPES = YES;
				CLANG_WARN_SUSPICIOUS_MOVE = YES;
				CLANG_WARN_UNGUARDED_AVAILABILITY = YES_AGGRESSIVE;
				CLANG_WARN_UNREACHABLE_CODE = YES;
				CLANG_WARN__DUPLICATE_METHOD_MATCH = YES;
				COPY_PHASE_STRIP = NO;
				DEBUG_INFORMATION_FORMAT = "dwarf-with-dsym";
				DEVELOPMENT_TEAM = 4QAWB5XWQP;
				ENABLE_NS_ASSERTIONS = NO;
				ENABLE_STRICT_OBJC_MSGSEND = YES;
				ENABLE_USER_SCRIPT_SANDBOXING = YES;
				GCC_C_LANGUAGE_STANDARD = gnu17;
				GCC_NO_COMMON_BLOCKS = YES;
				GCC_WARN_64_TO_32_BIT_CONVERSION = YES;
				GCC_WARN_ABOUT_RETURN_TYPE = YES_ERROR;
				GCC_WARN_UNDECLARED_SELECTOR = YES;
				GCC_WARN_UNINITIALIZED_AUTOS = YES_AGGRESSIVE;
				GCC_WARN_UNUSED_FUNCTION = YES;
				GCC_WARN_UNUSED_VARIABLE = YES;
				IPHONEOS_DEPLOYMENT_TARGET = 18.5;
				LOCALIZATION_PREFERS_STRING_CATALOGS = YES;
				MTL_ENABLE_DEBUG_INFO = NO;
				MTL_FAST_MATH = YES;
				SDKROOT = iphoneos;
				SWIFT_COMPILATION_MODE = wholemodule;
				VALIDATE_PRODUCT = YES;
			};
			name = Release;
		};
		BC67091C2EFA692200458036 /* Debug */ = {
			isa = XCBuildConfiguration;
			buildSettings = {
				ASSETCATALOG_COMPILER_APPICON_NAME = AppIcon;
				ASSETCATALOG_COMPILER_GLOBAL_ACCENT_COLOR_NAME = AccentColor;
				CODE_SIGN_STYLE = Automatic;
				CURRENT_PROJECT_VERSION = 1;
				DEVELOPMENT_TEAM = 4QAWB5XWQP;
				ENABLE_PREVIEWS = YES;
				GENERATE_INFOPLIST_FILE = YES;
				INFOPLIST_KEY_NSCameraUsageDescription = "We need camera access to scan and save documents directly.";
				INFOPLIST_KEY_NSFaceIDUsageDescription = "Face ID is used to protect your sensitive documents.";
				INFOPLIST_KEY_NSPhotoLibraryAddUsageDescription = "We need access to your photos to import documents like passports or receipts.";
				INFOPLIST_KEY_UIApplicationSceneManifest_Generation = YES;
				INFOPLIST_KEY_UIApplicationSupportsIndirectInputEvents = YES;
				INFOPLIST_KEY_UILaunchScreen_Generation = YES;
				INFOPLIST_KEY_UISupportedInterfaceOrientations_iPad = "UIInterfaceOrientationPortrait UIInterfaceOrientationPortraitUpsideDown UIInterfaceOrientationLandscapeLeft UIInterfaceOrientationLandscapeRight";
				INFOPLIST_KEY_UISupportedInterfaceOrientations_iPhone = "UIInterfaceOrientationPortrait UIInterfaceOrientationLandscapeLeft UIInterfaceOrientationLandscapeRight";
				LD_RUNPATH_SEARCH_PATHS = (
					"$(inherited)",
					"@executable_path/Frameworks",
				);
				MARKETING_VERSION = 1.0;
				PRODUCT_BUNDLE_IDENTIFIER = FarkhodovAbdulaziz.DocumentHolder;
				PRODUCT_NAME = "$(TARGET_NAME)";
				SWIFT_EMIT_LOC_STRINGS = YES;
				SWIFT_VERSION = 5.0;
				TARGETED_DEVICE_FAMILY = "1,2";
			};
			name = Debug;
		};
		BC67091D2EFA692200458036 /* Release */ = {
			isa = XCBuildConfiguration;
			buildSettings = {
				ASSETCATALOG_COMPILER_APPICON_NAME = AppIcon;
				ASSETCATALOG_COMPILER_GLOBAL_ACCENT_COLOR_NAME = AccentColor;
				CODE_SIGN_STYLE = Automatic;
				CURRENT_PROJECT_VERSION = 1;
				DEVELOPMENT_TEAM = 4QAWB5XWQP;
				ENABLE_PREVIEWS = YES;
				GENERATE_INFOPLIST_FILE = YES;
				INFOPLIST_KEY_NSCameraUsageDescription = "We need camera access to scan and save documents directly.";
				INFOPLIST_KEY_NSFaceIDUsageDescription = "Face ID is used to protect your sensitive documents.";
				INFOPLIST_KEY_NSPhotoLibraryAddUsageDescription = "We need access to your photos to import documents like passports or receipts.";
				INFOPLIST_KEY_UIApplicationSceneManifest_Generation = YES;
				INFOPLIST_KEY_UIApplicationSupportsIndirectInputEvents = YES;
				INFOPLIST_KEY_UILaunchScreen_Generation = YES;
				INFOPLIST_KEY_UISupportedInterfaceOrientations_iPad = "UIInterfaceOrientationPortrait UIInterfaceOrientationPortraitUpsideDown UIInterfaceOrientationLandscapeLeft UIInterfaceOrientationLandscapeRight";
				INFOPLIST_KEY_UISupportedInterfaceOrientations_iPhone = "UIInterfaceOrientationPortrait UIInterfaceOrientationLandscapeLeft UIInterfaceOrientationLandscapeRight";
				LD_RUNPATH_SEARCH_PATHS = (
					"$(inherited)",
					"@executable_path/Frameworks",
				);
				MARKETING_VERSION = 1.0;
				PRODUCT_BUNDLE_IDENTIFIER = FarkhodovAbdulaziz.DocumentHolder;
				PRODUCT_NAME = "$(TARGET_NAME)";
				SWIFT_EMIT_LOC_STRINGS = YES;
				SWIFT_VERSION = 5.0;
				TARGETED_DEVICE_FAMILY = "1,2";
			};
			name = Release;
		};
		BC67091F2EFA692200458036 /* Debug */ = {
			isa = XCBuildConfiguration;
			buildSettings = {
				BUNDLE_LOADER = "$(TEST_HOST)";
				CODE_SIGN_STYLE = Automatic;
				CURRENT_PROJECT_VERSION = 1;
				DEVELOPMENT_TEAM = 4QAWB5XWQP;
				GENERATE_INFOPLIST_FILE = YES;
				IPHONEOS_DEPLOYMENT_TARGET = 18.5;
				MARKETING_VERSION = 1.0;
				PRODUCT_BUNDLE_IDENTIFIER = FarkhodovAbdulaziz.DocumentHolderTests;
				PRODUCT_NAME = "$(TARGET_NAME)";
				SWIFT_EMIT_LOC_STRINGS = NO;
				SWIFT_VERSION = 5.0;
				TARGETED_DEVICE_FAMILY = "1,2";
				TEST_HOST = "$(BUILT_PRODUCTS_DIR)/DocumentHolder.app/$(BUNDLE_EXECUTABLE_FOLDER_PATH)/DocumentHolder";
			};
			name = Debug;
		};
		BC6709202EFA692200458036 /* Release */ = {
			isa = XCBuildConfiguration;
			buildSettings = {
				BUNDLE_LOADER = "$(TEST_HOST)";
				CODE_SIGN_STYLE = Automatic;
				CURRENT_PROJECT_VERSION = 1;
				DEVELOPMENT_TEAM = 4QAWB5XWQP;
				GENERATE_INFOPLIST_FILE = YES;
				IPHONEOS_DEPLOYMENT_TARGET = 18.5;
				MARKETING_VERSION = 1.0;
				PRODUCT_BUNDLE_IDENTIFIER = FarkhodovAbdulaziz.DocumentHolderTests;
				PRODUCT_NAME = "$(TARGET_NAME)";
				SWIFT_EMIT_LOC_STRINGS = NO;
				SWIFT_VERSION = 5.0;
				TARGETED_DEVICE_FAMILY = "1,2";
				TEST_HOST = "$(BUILT_PRODUCTS_DIR)/DocumentHolder.app/$(BUNDLE_EXECUTABLE_FOLDER_PATH)/DocumentHolder";
			};
			name = Release;
		};
		BC6709222EFA692200458036 /* Debug */ = {
			isa = XCBuildConfiguration;
			buildSettings = {
				CODE_SIGN_STYLE = Automatic;
				CURRENT_PROJECT_VERSION = 1;
				DEVELOPMENT_TEAM = 4QAWB5XWQP;
				GENERATE_INFOPLIST_FILE = YES;
				MARKETING_VERSION = 1.0;
				PRODUCT_BUNDLE_IDENTIFIER = FarkhodovAbdulaziz.DocumentHolderUITests;
				PRODUCT_NAME = "$(TARGET_NAME)";
				SWIFT_EMIT_LOC_STRINGS = NO;
				SWIFT_VERSION = 5.0;
				TARGETED_DEVICE_FAMILY = "1,2";
				TEST_TARGET_NAME = DocumentHolder;
			};
			name = Debug;
		};
		BC6709232EFA692200458036 /* Release */ = {
			isa = XCBuildConfiguration;
			buildSettings = {
				CODE_SIGN_STYLE = Automatic;
				CURRENT_PROJECT_VERSION = 1;
				DEVELOPMENT_TEAM = 4QAWB5XWQP;
				GENERATE_INFOPLIST_FILE = YES;
				MARKETING_VERSION = 1.0;
				PRODUCT_BUNDLE_IDENTIFIER = FarkhodovAbdulaziz.DocumentHolderUITests;
				PRODUCT_NAME = "$(TARGET_NAME)";
				SWIFT_EMIT_LOC_STRINGS = NO;
				SWIFT_VERSION = 5.0;
				TARGETED_DEVICE_FAMILY = "1,2";
				TEST_TARGET_NAME = DocumentHolder;
			};
			name = Release;
		};
/* End XCBuildConfiguration section */

/* Begin XCConfigurationList section */
		BC6708F52EFA691F00458036 /* Build configuration list for PBXProject "DocumentHolder" */ = {
			isa = XCConfigurationList;
			buildConfigurations = (
				BC6709192EFA692200458036 /* Debug */,
				BC67091A2EFA692200458036 /* Release */,
			);
			defaultConfigurationIsVisible = 0;
			defaultConfigurationName = Release;
		};
		BC67091B2EFA692200458036 /* Build configuration list for PBXNativeTarget "DocumentHolder" */ = {
			isa = XCConfigurationList;
			buildConfigurations = (
				BC67091C2EFA692200458036 /* Debug */,
				BC67091D2EFA692200458036 /* Release */,
			);
			defaultConfigurationIsVisible = 0;
			defaultConfigurationName = Release;
		};
		BC67091E2EFA692200458036 /* Build configuration list for PBXNativeTarget "DocumentHolderTests" */ = {
			isa = XCConfigurationList;
			buildConfigurations = (
				BC67091F2EFA692200458036 /* Debug */,
				BC6709202EFA692200458036 /* Release */,
			);
			defaultConfigurationIsVisible = 0;
			defaultConfigurationName = Release;
		};
		BC6709212EFA692200458036 /* Build configuration list for PBXNativeTarget "DocumentHolderUITests" */ = {
			isa = XCConfigurationList;
			buildConfigurations = (
				BC6709222EFA692200458036 /* Debug */,
				BC6709232EFA692200458036 /* Release */,
			);
			defaultConfigurationIsVisible = 0;
			defaultConfigurationName = Release;
		};
/* End XCConfigurationList section */
	};
	rootObject = BC6708F22EFA691F00458036 /* Project object */;
}
